
Microsoft Visual Studio Solution File, Format Version 12.00
# Visual Studio 2013
VisualStudioVersion = 12.0.40629.0
MinimumVisualStudioVersion = 10.0.40219.1
Project("{FAE04EC0-301F-11D3-BF4B-00C04F79EFBC}") = "CoffeeMake", "CoffeeMake\CoffeeMake.csproj", "{34949C28-CB0A-497A-A793-A1850C5433B3}"
EndProject
Project("{FAE04EC0-301F-11D3-BF4B-00C04F79EFBC}") = "CoffeeMakeTest", "CoffeeMakeTest\CoffeeMakeTest.csproj", "{948172D3-2FC0-4352-A52F-FFDE85DC60C6}"
EndProject
Project("{2150E333-8FDC-42A3-9474-1A3956D46DE8}") = ".nuget", ".nuget", "{EDCECA27-6F45-4179-94E4-6F06F3C3AB74}"
	ProjectSection(SolutionItems) = preProject
		.nuget\packages.config = .nuget\packages.config
	EndProjectSection
EndProject
Global
	GlobalSection(SolutionConfigurationPlatforms) = preSolution
		Debug|Any CPU = Debug|Any CPU
		Release|Any CPU = Release|Any CPU
	EndGlobalSection
	GlobalSection(ProjectConfigurationPlatforms) = postSolution
		{34949C28-CB0A-497A-A793-A1850C5433B3}.Debug|Any CPU.ActiveCfg = Debug|Any CPU
		{34949C28-CB0A-497A-A793-A1850C5433B3}.Debug|Any CPU.Build.0 = Debug|Any CPU
		{34949C28-CB0A-497A-A793-A1850C5433B3}.Release|Any CPU.ActiveCfg = Release|Any CPU
		{34949C28-CB0A-497A-A793-A1850C5433B3}.Release|Any CPU.Build.0 = Release|Any CPU
		{948172D3-2FC0-4352-A52F-FFDE85DC60C6}.Debug|Any CPU.ActiveCfg = Debug|Any CPU
		{948172D3-2FC0-4352-A52F-FFDE85DC60C6}.Debug|Any CPU.Build.0 = Debug|Any CPU
		{948172D3-2FC0-4352-A52F-FFDE85DC60C6}.Release|Any CPU.ActiveCfg = Release|Any CPU
		{948172D3-2FC0-4352-A52F-FFDE85DC60C6}.Release|Any CPU.Build.0 = Release|Any CPU
	EndGlobalSection
	GlobalSection(SolutionProperties) = preSolution
		HideSolutionNode = FALSE
	EndGlobalSection
EndGlobal
